
Microsoft Visual Studio Solution File, Format Version 12.00
# Visual Studio Version 16
VisualStudioVersion = 16.0.29609.76
MinimumVisualStudioVersion = 10.0.40219.1
Project("{FAE04EC0-301F-11D3-BF4B-00C04F79EFBC}") = "ManagerOfTheYear", "ManagerOfTheYear\ManagerOfTheYear.csproj", "{DE6C8A46-5B5F-42D4-B4D4-B15261FDBED9}"
EndProject
Global
	GlobalSection(SolutionConfigurationPlatforms) = preSolution
		Debug|Any CPU = Debug|Any CPU
		Release|Any CPU = Release|Any CPU
	EndGlobalSection
	GlobalSection(ProjectConfigurationPlatforms) = postSolution
		{DE6C8A46-5B5F-42D4-B4D4-B15261FDBED9}.Debug|Any CPU.ActiveCfg = Debug|Any CPU
		{DE6C8A46-5B5F-42D4-B4D4-B15261FDBED9}.Debug|Any CPU.Build.0 = Debug|Any CPU
		{DE6C8A46-5B5F-42D4-B4D4-B15261FDBED9}.Release|Any CPU.ActiveCfg = Release|Any CPU
		{DE6C8A46-5B5F-42D4-B4D4-B15261FDBED9}.Release|Any CPU.Build.0 = Release|Any CPU
	EndGlobalSection
	GlobalSection(SolutionProperties) = preSolution
		HideSolutionNode = FALSE
	EndGlobalSection
	GlobalSection(ExtensibilityGlobals) = postSolution
		SolutionGuid = {3E401B02-F3F3-4DD5-9BFC-8BD580963E1F}
	EndGlobalSection
EndGlobal
